
Microsoft Visual Studio Solution File, Format Version 12.00
# Visual Studio Version 17
VisualStudioVersion = 17.14.36518.9 d17.14
MinimumVisualStudioVersion = 10.0.40219.1
Project("{FAE04EC0-301F-11D3-BF4B-00C04F79EFBC}") = "CanvasSignalR", "CanvasSignalR\CanvasSignalR.csproj", "{BEBE97EB-18D4-4655-A40A-8BEB7FA23F19}"
EndProject
Global
	GlobalSection(SolutionConfigurationPlatforms) = preSolution
		Debug|Any CPU = Debug|Any CPU
		Release|Any CPU = Release|Any CPU
	EndGlobalSection
	GlobalSection(ProjectConfigurationPlatforms) = postSolution
		{BEBE97EB-18D4-4655-A40A-8BEB7FA23F19}.Debug|Any CPU.ActiveCfg = Debug|Any CPU
		{BEBE97EB-18D4-4655-A40A-8BEB7FA23F19}.Debug|Any CPU.Build.0 = Debug|Any CPU
		{BEBE97EB-18D4-4655-A40A-8BEB7FA23F19}.Release|Any CPU.ActiveCfg = Release|Any CPU
		{BEBE97EB-18D4-4655-A40A-8BEB7FA23F19}.Release|Any CPU.Build.0 = Release|Any CPU
	EndGlobalSection
	GlobalSection(SolutionProperties) = preSolution
		HideSolutionNode = FALSE
	EndGlobalSection
	GlobalSection(ExtensibilityGlobals) = postSolution
		SolutionGuid = {1D92FD4A-0BB8-463D-B325-8B51ABC4105B}
	EndGlobalSection
EndGlobal
